
Microsoft Visual Studio Solution File, Format Version 12.00
# Visual Studio Version 17
VisualStudioVersion = 17.14.36518.9 d17.14
MinimumVisualStudioVersion = 10.0.40219.1
Project("{FAE04EC0-301F-11D3-BF4B-00C04F79EFBC}") = "Applied Activity 3", "Applied Activity 3.csproj", "{BA446ACD-C284-46C2-8923-0CE71C8C3830}"
EndProject
Global
	GlobalSection(SolutionConfigurationPlatforms) = preSolution
		Debug|Any CPU = Debug|Any CPU
		Release|Any CPU = Release|Any CPU
	EndGlobalSection
	GlobalSection(ProjectConfigurationPlatforms) = postSolution
		{BA446ACD-C284-46C2-8923-0CE71C8C3830}.Debug|Any CPU.ActiveCfg = Debug|Any CPU
		{BA446ACD-C284-46C2-8923-0CE71C8C3830}.Debug|Any CPU.Build.0 = Debug|Any CPU
		{BA446ACD-C284-46C2-8923-0CE71C8C3830}.Release|Any CPU.ActiveCfg = Release|Any CPU
		{BA446ACD-C284-46C2-8923-0CE71C8C3830}.Release|Any CPU.Build.0 = Release|Any CPU
	EndGlobalSection
	GlobalSection(SolutionProperties) = preSolution
		HideSolutionNode = FALSE
	EndGlobalSection
	GlobalSection(ExtensibilityGlobals) = postSolution
		SolutionGuid = {E5CC9234-5304-4FEB-812C-3F4E792C1BCD}
	EndGlobalSection
EndGlobal
